
Microsoft Visual Studio Solution File, Format Version 12.00
# Visual Studio Version 16
VisualStudioVersion = 16.0.36602.28
MinimumVisualStudioVersion = 10.0.40219.1
Project("{FAE04EC0-301F-11D3-BF4B-00C04F79EFBC}") = "SimpleCalculator", "SimpleCalculator\SimpleCalculator.csproj", "{37B6759A-10E3-4F1E-8B7F-1FCFDA8D37A7}"
EndProject
Global
	GlobalSection(SolutionConfigurationPlatforms) = preSolution
		Debug|Any CPU = Debug|Any CPU
		Release|Any CPU = Release|Any CPU
	EndGlobalSection
	GlobalSection(ProjectConfigurationPlatforms) = postSolution
		{37B6759A-10E3-4F1E-8B7F-1FCFDA8D37A7}.Debug|Any CPU.ActiveCfg = Debug|Any CPU
		{37B6759A-10E3-4F1E-8B7F-1FCFDA8D37A7}.Debug|Any CPU.Build.0 = Debug|Any CPU
		{37B6759A-10E3-4F1E-8B7F-1FCFDA8D37A7}.Release|Any CPU.ActiveCfg = Release|Any CPU
		{37B6759A-10E3-4F1E-8B7F-1FCFDA8D37A7}.Release|Any CPU.Build.0 = Release|Any CPU
	EndGlobalSection
	GlobalSection(SolutionProperties) = preSolution
		HideSolutionNode = FALSE
	EndGlobalSection
	GlobalSection(ExtensibilityGlobals) = postSolution
		SolutionGuid = {7541D54C-CA5B-4041-A1EC-9682F94F2715}
	EndGlobalSection
EndGlobal
